
Microsoft Visual Studio Solution File, Format Version 12.00
# Visual Studio 15
VisualStudioVersion = 15.0.27004.2010
MinimumVisualStudioVersion = 10.0.40219.1
Project("{FAE04EC0-301F-11D3-BF4B-00C04F79EFBC}") = "NumberGuesser", "NumberGuesser\NumberGuesser.csproj", "{4A4F19F2-3972-47E9-871C-513264F05DD3}"
EndProject
Global
	GlobalSection(SolutionConfigurationPlatforms) = preSolution
		Debug|Any CPU = Debug|Any CPU
		Release|Any CPU = Release|Any CPU
	EndGlobalSection
	GlobalSection(ProjectConfigurationPlatforms) = postSolution
		{4A4F19F2-3972-47E9-871C-513264F05DD3}.Debug|Any CPU.ActiveCfg = Debug|Any CPU
		{4A4F19F2-3972-47E9-871C-513264F05DD3}.Debug|Any CPU.Build.0 = Debug|Any CPU
		{4A4F19F2-3972-47E9-871C-513264F05DD3}.Release|Any CPU.ActiveCfg = Release|Any CPU
		{4A4F19F2-3972-47E9-871C-513264F05DD3}.Release|Any CPU.Build.0 = Release|Any CPU
	EndGlobalSection
	GlobalSection(SolutionProperties) = preSolution
		HideSolutionNode = FALSE
	EndGlobalSection
	GlobalSection(ExtensibilityGlobals) = postSolution
		SolutionGuid = {FAE1F76B-A1F6-4490-9B73-51FBB058903C}
	EndGlobalSection
EndGlobal
